
Microsoft Visual Studio Solution File, Format Version 12.00
# Visual Studio 2012
Project("{FAE04EC0-301F-11D3-BF4B-00C04F79EFBC}") = "Glimpse.NLog", "Glimpse.NLog\Glimpse.NLog.csproj", "{47630B23-BAE2-4391-BEFD-19316E643BE4}"
EndProject
Project("{2150E333-8FDC-42A3-9474-1A3956D46DE8}") = ".nuget", ".nuget", "{7290133B-DCFF-4E64-8B0E-0346AD16322E}"
	ProjectSection(SolutionItems) = preProject
		.nuget\NuGet.Config = .nuget\NuGet.Config
		.nuget\NuGet.exe = .nuget\NuGet.exe
		.nuget\NuGet.targets = .nuget\NuGet.targets
	EndProjectSection
EndProject
Project("{FAE04EC0-301F-11D3-BF4B-00C04F79EFBC}") = "Mvc4Example", "Mvc4Example\Mvc4Example.csproj", "{C92EE89B-2DEE-4576-A134-A3BE7FA6772E}"
EndProject
Project("{FAE04EC0-301F-11D3-BF4B-00C04F79EFBC}") = "Glimpse.NLog.Tests", "Glimpse.NLog.Tests\Glimpse.NLog.Tests.csproj", "{F870D03E-C9FA-41F8-A333-4B26E9FBD4DB}"
EndProject
Project("{FAE04EC0-301F-11D3-BF4B-00C04F79EFBC}") = "Glimpse.NLog.Net40", "Glimpse.NLog.Net40\Glimpse.NLog.Net40.csproj", "{4571DC0F-C2F8-4129-8AAD-DFA19E712051}"
EndProject
Project("{FAE04EC0-301F-11D3-BF4B-00C04F79EFBC}") = "Glimpse.NLog.Net40.Tests", "Glimpse.NLog.Net40.Tests\Glimpse.NLog.Net40.Tests.csproj", "{F310363F-DB8D-4EA8-8DA9-B73F5C4A8C7C}"
EndProject
Project("{2150E333-8FDC-42A3-9474-1A3956D46DE8}") = "Solution Items", "Solution Items", "{D277169D-FD61-43BF-8D0E-A7BD3E785C5B}"
	ProjectSection(SolutionItems) = preProject
		default.ps1 = default.ps1
		psake.ps1 = psake.ps1
		psake.psm1 = psake.psm1
	EndProjectSection
EndProject
Project("{2150E333-8FDC-42A3-9474-1A3956D46DE8}") = "NuSpec", "NuSpec", "{6C995B50-726D-4246-92AB-CEB625E1AC0E}"
	ProjectSection(SolutionItems) = preProject
		NuSpec\Glimpse.NLog.nuspec = NuSpec\Glimpse.NLog.nuspec
	EndProjectSection
EndProject
Global
	GlobalSection(SolutionConfigurationPlatforms) = preSolution
		Debug|Any CPU = Debug|Any CPU
		Release|Any CPU = Release|Any CPU
	EndGlobalSection
	GlobalSection(ProjectConfigurationPlatforms) = postSolution
		{47630B23-BAE2-4391-BEFD-19316E643BE4}.Debug|Any CPU.ActiveCfg = Debug|Any CPU
		{47630B23-BAE2-4391-BEFD-19316E643BE4}.Debug|Any CPU.Build.0 = Debug|Any CPU
		{47630B23-BAE2-4391-BEFD-19316E643BE4}.Release|Any CPU.ActiveCfg = Release|Any CPU
		{47630B23-BAE2-4391-BEFD-19316E643BE4}.Release|Any CPU.Build.0 = Release|Any CPU
		{C92EE89B-2DEE-4576-A134-A3BE7FA6772E}.Debug|Any CPU.ActiveCfg = Debug|Any CPU
		{C92EE89B-2DEE-4576-A134-A3BE7FA6772E}.Debug|Any CPU.Build.0 = Debug|Any CPU
		{C92EE89B-2DEE-4576-A134-A3BE7FA6772E}.Release|Any CPU.ActiveCfg = Release|Any CPU
		{F870D03E-C9FA-41F8-A333-4B26E9FBD4DB}.Debug|Any CPU.ActiveCfg = Debug|Any CPU
		{F870D03E-C9FA-41F8-A333-4B26E9FBD4DB}.Debug|Any CPU.Build.0 = Debug|Any CPU
		{F870D03E-C9FA-41F8-A333-4B26E9FBD4DB}.Release|Any CPU.ActiveCfg = Release|Any CPU
		{F870D03E-C9FA-41F8-A333-4B26E9FBD4DB}.Release|Any CPU.Build.0 = Release|Any CPU
		{4571DC0F-C2F8-4129-8AAD-DFA19E712051}.Debug|Any CPU.ActiveCfg = Debug|Any CPU
		{4571DC0F-C2F8-4129-8AAD-DFA19E712051}.Debug|Any CPU.Build.0 = Debug|Any CPU
		{4571DC0F-C2F8-4129-8AAD-DFA19E712051}.Release|Any CPU.ActiveCfg = Release|Any CPU
		{4571DC0F-C2F8-4129-8AAD-DFA19E712051}.Release|Any CPU.Build.0 = Release|Any CPU
		{F310363F-DB8D-4EA8-8DA9-B73F5C4A8C7C}.Debug|Any CPU.ActiveCfg = Debug|Any CPU
		{F310363F-DB8D-4EA8-8DA9-B73F5C4A8C7C}.Debug|Any CPU.Build.0 = Debug|Any CPU
		{F310363F-DB8D-4EA8-8DA9-B73F5C4A8C7C}.Release|Any CPU.ActiveCfg = Release|Any CPU
		{F310363F-DB8D-4EA8-8DA9-B73F5C4A8C7C}.Release|Any CPU.Build.0 = Release|Any CPU
	EndGlobalSection
	GlobalSection(SolutionProperties) = preSolution
		HideSolutionNode = FALSE
	EndGlobalSection
EndGlobal
